Microsoft Visual Studio Solution File, Format Version 12.00
# Visual Studio Version 17
VisualStudioVersion = 17.5.2.0
MinimumVisualStudioVersion = 10.0.40219.1
Project("{FAE04EC0-301F-11D3-BF4B-00C04F79EFBC}") = "LibraryOnline", "LibraryOnline.csproj", "{95F1C69A-6ECF-9D32-7481-0540F64A907D}"
EndProject
Global
	GlobalSection(SolutionConfigurationPlatforms) = preSolution
		Debug|Any CPU = Debug|Any CPU
		Release|Any CPU = Release|Any CPU
	EndGlobalSection
	GlobalSection(ProjectConfigurationPlatforms) = postSolution
		{95F1C69A-6ECF-9D32-7481-0540F64A907D}.Debug|Any CPU.ActiveCfg = Debug|Any CPU
		{95F1C69A-6ECF-9D32-7481-0540F64A907D}.Debug|Any CPU.Build.0 = Debug|Any CPU
		{95F1C69A-6ECF-9D32-7481-0540F64A907D}.Release|Any CPU.ActiveCfg = Release|Any CPU
		{95F1C69A-6ECF-9D32-7481-0540F64A907D}.Release|Any CPU.Build.0 = Release|Any CPU
	EndGlobalSection
	GlobalSection(SolutionProperties) = preSolution
		HideSolutionNode = FALSE
	EndGlobalSection
	GlobalSection(ExtensibilityGlobals) = postSolution
		SolutionGuid = {899E0524-1DE3-417E-A2C3-4025184C2084}
	EndGlobalSection
EndGlobal
